
Microsoft Visual Studio Solution File, Format Version 12.00
# Visual Studio Version 17
VisualStudioVersion = 17.3.32901.215
MinimumVisualStudioVersion = 10.0.40219.1
Project("{9A19103F-16F7-4668-BE54-9A1E7A4F7556}") = "Milionerdzi", "Milionerdzi.csproj", "{7F745A29-7561-4EDF-996B-ADA709822AE1}"
EndProject
Project("{54435603-DBB4-11D2-8724-00A0C9A8B90C}") = "MiliSetUP", "..\MiliSetUP\MiliSetUP.vdproj", "{461CD332-34FF-4851-925B-426E14C3C46D}"
EndProject
Global
	GlobalSection(SolutionConfigurationPlatforms) = preSolution
		Debug|Any CPU = Debug|Any CPU
		Release|Any CPU = Release|Any CPU
	EndGlobalSection
	GlobalSection(ProjectConfigurationPlatforms) = postSolution
		{7F745A29-7561-4EDF-996B-ADA709822AE1}.Debug|Any CPU.ActiveCfg = Debug|Any CPU
		{7F745A29-7561-4EDF-996B-ADA709822AE1}.Debug|Any CPU.Build.0 = Debug|Any CPU
		{7F745A29-7561-4EDF-996B-ADA709822AE1}.Release|Any CPU.ActiveCfg = Release|Any CPU
		{7F745A29-7561-4EDF-996B-ADA709822AE1}.Release|Any CPU.Build.0 = Release|Any CPU
		{461CD332-34FF-4851-925B-426E14C3C46D}.Debug|Any CPU.ActiveCfg = Debug
		{461CD332-34FF-4851-925B-426E14C3C46D}.Release|Any CPU.ActiveCfg = Release
	EndGlobalSection
	GlobalSection(SolutionProperties) = preSolution
		HideSolutionNode = FALSE
	EndGlobalSection
	GlobalSection(ExtensibilityGlobals) = postSolution
		SolutionGuid = {C53CB5AE-2216-45DD-9690-28072005DA85}
	EndGlobalSection
EndGlobal
